// !$*UTF8*$!
{
	archiveVersion = 1;
	classes = {
	};
	objectVersion = 50;
	objects = {

/* Begin PBXBuildFile section */
		FFD4E5A524E4BA4500A194F4 /* AppDelegate.swift in Sources */ = {isa = PBXBuildFile; fileRef = FFD4E5A424E4BA4500A194F4 /* AppDelegate.swift */; };
		FFD4E5A724E4BA4500A194F4 /* SceneDelegate.swift in Sources */ = {isa = PBXBuildFile; fileRef = FFD4E5A624E4BA4500A194F4 /* SceneDelegate.swift */; };
		FFD4E5AC24E4BA4500A194F4 /* Main.storyboard in Resources */ = {isa = PBXBuildFile; fileRef = FFD4E5AA24E4BA4500A194F4 /* Main.storyboard */; };
		FFD4E5AF24E4BA4500A194F4 /* SuperHeroAppiOS.xcdatamodeld in Sources */ = {isa = PBXBuildFile; fileRef = FFD4E5AD24E4BA4500A194F4 /* SuperHeroAppiOS.xcdatamodeld */; };
		FFD4E5B124E4BA4600A194F4 /* Assets.xcassets in Resources */ = {isa = PBXBuildFile; fileRef = FFD4E5B024E4BA4600A194F4 /* Assets.xcassets */; };
		FFD4E5B424E4BA4600A194F4 /* LaunchScreen.storyboard in Resources */ = {isa = PBXBuildFile; fileRef = FFD4E5B224E4BA4600A194F4 /* LaunchScreen.storyboard */; };
		FFD4E5BF24E4BA4600A194F4 /* SuperHeroAppiOSTests.swift in Sources */ = {isa = PBXBuildFile; fileRef = FFD4E5BE24E4BA4600A194F4 /* SuperHeroAppiOSTests.swift */; };
		FFD4E5CA24E4C13D00A194F4 /* HerosListViewController.swift in Sources */ = {isa = PBXBuildFile; fileRef = FFD4E5C924E4C13C00A194F4 /* HerosListViewController.swift */; };
		FFD4E5CD24E4C46D00A194F4 /* HerosCollectionViewCell.swift in Sources */ = {isa = PBXBuildFile; fileRef = FFD4E5CB24E4C46D00A194F4 /* HerosCollectionViewCell.swift */; };
		FFD4E5D024E4DEEB00A194F4 /* HerosTableViewCell.swift in Sources */ = {isa = PBXBuildFile; fileRef = FFD4E5CF24E4DEEB00A194F4 /* HerosTableViewCell.swift */; };
		FFD4E5D624E4E70500A194F4 /* NetworkManager.swift in Sources */ = {isa = PBXBuildFile; fileRef = FFD4E5D524E4E70500A194F4 /* NetworkManager.swift */; };
		FFD4E5D824E4E75900A194F4 /* HeroJSONModel.swift in Sources */ = {isa = PBXBuildFile; fileRef = FFD4E5D724E4E75900A194F4 /* HeroJSONModel.swift */; };
		FFD4E5DA24E4F61900A194F4 /* HeroDetailViewController.swift in Sources */ = {isa = PBXBuildFile; fileRef = FFD4E5D924E4F61900A194F4 /* HeroDetailViewController.swift */; };
		FFD4E5DC24E4FD3C00A194F4 /* PowerStatsModel.swift in Sources */ = {isa = PBXBuildFile; fileRef = FFD4E5DB24E4FD3C00A194F4 /* PowerStatsModel.swift */; };
/* End PBXBuildFile section */

/* Begin PBXContainerItemProxy section */
		FFD4E5BB24E4BA4600A194F4 /* PBXContainerItemProxy */ = {
			isa = PBXContainerItemProxy;
			containerPortal = FFD4E59924E4BA4500A194F4 /* Project object */;
			proxyType = 1;
			remoteGlobalIDString = FFD4E5A024E4BA4500A194F4;
			remoteInfo = SuperHeroAppiOS;
		};
/* End PBXContainerItemProxy section */

/* Begin PBXFileReference section */
		FFD4E5A124E4BA4500A194F4 /* SuperHeroAppiOS.app */ = {isa = PBXFileReference; explicitFileType = wrapper.application; includeInIndex = 0; path = SuperHeroAppiOS.app; sourceTree = BUILT_PRODUCTS_DIR; };
		FFD4E5A424E4BA4500A194F4 /* AppDelegate.swift */ = {isa = PBXFileReference; lastKnownFileType = sourcecode.swift; path = AppDelegate.swift; sourceTree = "<group>"; };
		FFD4E5A624E4BA4500A194F4 /* SceneDelegate.swift */ = {isa = PBXFileReference; lastKnownFileType = sourcecode.swift; path = SceneDelegate.swift; sourceTree = "<group>"; };
		FFD4E5AB24E4BA4500A194F4 /* Base */ = {isa = PBXFileReference; lastKnownFileType = file.storyboard; name = Base; path = Base.lproj/Main.storyboard; sourceTree = "<group>"; };
		FFD4E5AE24E4BA4500A194F4 /* SuperHeroAppiOS.xcdatamodel */ = {isa = PBXFileReference; lastKnownFileType = wrapper.xcdatamodel; path = SuperHeroAppiOS.xcdatamodel; sourceTree = "<group>"; };
		FFD4E5B024E4BA4600A194F4 /* Assets.xcassets */ = {isa = PBXFileReference; lastKnownFileType = folder.assetcatalog; path = Assets.xcassets; sourceTree = "<group>"; };
		FFD4E5B324E4BA4600A194F4 /* Base */ = {isa = PBXFileReference; lastKnownFileType = file.storyboard; name = Base; path = Base.lproj/LaunchScreen.storyboard; sourceTree = "<group>"; };
		FFD4E5B524E4BA4600A194F4 /* Info.plist */ = {isa = PBXFileReference; lastKnownFileType = text.plist.xml; path = Info.plist; sourceTree = "<group>"; };
		FFD4E5BA24E4BA4600A194F4 /* SuperHeroAppiOSTests.xctest */ = {isa = PBXFileReference; explicitFileType = wrapper.cfbundle; includeInIndex = 0; path = SuperHeroAppiOSTests.xctest; sourceTree = BUILT_PRODUCTS_DIR; };
		FFD4E5BE24E4BA4600A194F4 /* SuperHeroAppiOSTests.swift */ = {isa = PBXFileReference; lastKnownFileType = sourcecode.swift; path = SuperHeroAppiOSTests.swift; sourceTree = "<group>"; };
		FFD4E5C024E4BA4600A194F4 /* Info.plist */ = {isa = PBXFileReference; lastKnownFileType = text.plist.xml; path = Info.plist; sourceTree = "<group>"; };
		FFD4E5C924E4C13C00A194F4 /* HerosListViewController.swift */ = {isa = PBXFileReference; lastKnownFileType = sourcecode.swift; path = HerosListViewController.swift; sourceTree = "<group>"; };
		FFD4E5CB24E4C46D00A194F4 /* HerosCollectionViewCell.swift */ = {isa = PBXFileReference; lastKnownFileType = sourcecode.swift; path = HerosCollectionViewCell.swift; sourceTree = "<group>"; };
		FFD4E5CF24E4DEEB00A194F4 /* HerosTableViewCell.swift */ = {isa = PBXFileReference; lastKnownFileType = sourcecode.swift; path = HerosTableViewCell.swift; sourceTree = "<group>"; };
		FFD4E5D524E4E70500A194F4 /* NetworkManager.swift */ = {isa = PBXFileReference; lastKnownFileType = sourcecode.swift; path = NetworkManager.swift; sourceTree = "<group>"; };
		FFD4E5D724E4E75900A194F4 /* HeroJSONModel.swift */ = {isa = PBXFileReference; lastKnownFileType = sourcecode.swift; path = HeroJSONModel.swift; sourceTree = "<group>"; };
		FFD4E5D924E4F61900A194F4 /* HeroDetailViewController.swift */ = {isa = PBXFileReference; lastKnownFileType = sourcecode.swift; path = HeroDetailViewController.swift; sourceTree = "<group>"; };
		FFD4E5DB24E4FD3C00A194F4 /* PowerStatsModel.swift */ = {isa = PBXFileReference; lastKnownFileType = sourcecode.swift; path = PowerStatsModel.swift; sourceTree = "<group>"; };
/* End PBXFileReference section */

/* Begin PBXFrameworksBuildPhase section */
		FFD4E59E24E4BA4500A194F4 /* Frameworks */ = {
			isa = PBXFrameworksBuildPhase;
			buildActionMask = 2147483647;
			files = (
			);
			runOnlyForDeploymentPostprocessing = 0;
		};
		FFD4E5B724E4BA4600A194F4 /* Frameworks */ = {
			isa = PBXFrameworksBuildPhase;
			buildActionMask = 2147483647;
			files = (
			);
			runOnlyForDeploymentPostprocessing = 0;
		};
/* End PBXFrameworksBuildPhase section */

/* Begin PBXGroup section */
		FFD4E59824E4BA4500A194F4 = {
			isa = PBXGroup;
			children = (
				FFD4E5A324E4BA4500A194F4 /* SuperHeroAppiOS */,
				FFD4E5BD24E4BA4600A194F4 /* SuperHeroAppiOSTests */,
				FFD4E5A224E4BA4500A194F4 /* Products */,
			);
			sourceTree = "<group>";
		};
		FFD4E5A224E4BA4500A194F4 /* Products */ = {
			isa = PBXGroup;
			children = (
				FFD4E5A124E4BA4500A194F4 /* SuperHeroAppiOS.app */,
				FFD4E5BA24E4BA4600A194F4 /* SuperHeroAppiOSTests.xctest */,
			);
			name = Products;
			sourceTree = "<group>";
		};
		FFD4E5A324E4BA4500A194F4 /* SuperHeroAppiOS */ = {
			isa = PBXGroup;
			children = (
				FFD4E5D424E4E23600A194F4 /* Managers */,
				FFD4E5D324E4E15600A194F4 /* Controllers */,
				FFD4E5D224E4E13800A194F4 /* Models */,
				FFD4E5D124E4E11700A194F4 /* Views */,
				FFD4E5A424E4BA4500A194F4 /* AppDelegate.swift */,
				FFD4E5A624E4BA4500A194F4 /* SceneDelegate.swift */,
				FFD4E5B024E4BA4600A194F4 /* Assets.xcassets */,
				FFD4E5B524E4BA4600A194F4 /* Info.plist */,
				FFD4E5AD24E4BA4500A194F4 /* SuperHeroAppiOS.xcdatamodeld */,
			);
			path = SuperHeroAppiOS;
			sourceTree = "<group>";
		};
		FFD4E5BD24E4BA4600A194F4 /* SuperHeroAppiOSTests */ = {
			isa = PBXGroup;
			children = (
				FFD4E5BE24E4BA4600A194F4 /* SuperHeroAppiOSTests.swift */,
				FFD4E5C024E4BA4600A194F4 /* Info.plist */,
			);
			path = SuperHeroAppiOSTests;
			sourceTree = "<group>";
		};
		FFD4E5D124E4E11700A194F4 /* Views */ = {
			isa = PBXGroup;
			children = (
				FFD4E5AA24E4BA4500A194F4 /* Main.storyboard */,
				FFD4E5B224E4BA4600A194F4 /* LaunchScreen.storyboard */,
			);
			path = Views;
			sourceTree = "<group>";
		};
		FFD4E5D224E4E13800A194F4 /* Models */ = {
			isa = PBXGroup;
			children = (
				FFD4E5CB24E4C46D00A194F4 /* HerosCollectionViewCell.swift */,
				FFD4E5CF24E4DEEB00A194F4 /* HerosTableViewCell.swift */,
			);
			path = Models;
			sourceTree = "<group>";
		};
		FFD4E5D324E4E15600A194F4 /* Controllers */ = {
			isa = PBXGroup;
			children = (
				FFD4E5C924E4C13C00A194F4 /* HerosListViewController.swift */,
				FFD4E5D924E4F61900A194F4 /* HeroDetailViewController.swift */,
			);
			path = Controllers;
			sourceTree = "<group>";
		};
		FFD4E5D424E4E23600A194F4 /* Managers */ = {
			isa = PBXGroup;
			children = (
				FFD4E5D524E4E70500A194F4 /* NetworkManager.swift */,
				FFD4E5D724E4E75900A194F4 /* HeroJSONModel.swift */,
				FFD4E5DB24E4FD3C00A194F4 /* PowerStatsModel.swift */,
			);
			path = Managers;
			sourceTree = "<group>";
		};
/* End PBXGroup section */

/* Begin PBXNativeTarget section */
		FFD4E5A024E4BA4500A194F4 /* SuperHeroAppiOS */ = {
			isa = PBXNativeTarget;
			buildConfigurationList = FFD4E5C324E4BA4600A194F4 /* Build configuration list for PBXNativeTarget "SuperHeroAppiOS" */;
			buildPhases = (
				FFD4E59D24E4BA4500A194F4 /* Sources */,
				FFD4E59E24E4BA4500A194F4 /* Frameworks */,
				FFD4E59F24E4BA4500A194F4 /* Resources */,
			);
			buildRules = (
			);
			dependencies = (
			);
			name = SuperHeroAppiOS;
			productName = SuperHeroAppiOS;
			productReference = FFD4E5A124E4BA4500A194F4 /* SuperHeroAppiOS.app */;
			productType = "com.apple.product-type.application";
		};
		FFD4E5B924E4BA4600A194F4 /* SuperHeroAppiOSTests */ = {
			isa = PBXNativeTarget;
			buildConfigurationList = FFD4E5C624E4BA4600A194F4 /* Build configuration list for PBXNativeTarget "SuperHeroAppiOSTests" */;
			buildPhases = (
				FFD4E5B624E4BA4600A194F4 /* Sources */,
				FFD4E5B724E4BA4600A194F4 /* Frameworks */,
				FFD4E5B824E4BA4600A194F4 /* Resources */,
			);
			buildRules = (
			);
			dependencies = (
				FFD4E5BC24E4BA4600A194F4 /* PBXTargetDependency */,
			);
			name = SuperHeroAppiOSTests;
			productName = SuperHeroAppiOSTests;
			productReference = FFD4E5BA24E4BA4600A194F4 /* SuperHeroAppiOSTests.xctest */;
			productType = "com.apple.product-type.bundle.unit-test";
		};
/* End PBXNativeTarget section */

/* Begin PBXProject section */
		FFD4E59924E4BA4500A194F4 /* Project object */ = {
			isa = PBXProject;
			attributes = {
				LastSwiftUpdateCheck = 1100;
				LastUpgradeCheck = 1100;
				ORGANIZATIONNAME = "Pablo Figueroa";
				TargetAttributes = {
					FFD4E5A024E4BA4500A194F4 = {
						CreatedOnToolsVersion = 11.0;
					};
					FFD4E5B924E4BA4600A194F4 = {
						CreatedOnToolsVersion = 11.0;
						TestTargetID = FFD4E5A024E4BA4500A194F4;
					};
				};
			};
			buildConfigurationList = FFD4E59C24E4BA4500A194F4 /* Build configuration list for PBXProject "SuperHeroAppiOS" */;
			compatibilityVersion = "Xcode 9.3";
			developmentRegion = en;
			hasScannedForEncodings = 0;
			knownRegions = (
				en,
				Base,
			);
			mainGroup = FFD4E59824E4BA4500A194F4;
			productRefGroup = FFD4E5A224E4BA4500A194F4 /* Products */;
			projectDirPath = "";
			projectRoot = "";
			targets = (
				FFD4E5A024E4BA4500A194F4 /* SuperHeroAppiOS */,
				FFD4E5B924E4BA4600A194F4 /* SuperHeroAppiOSTests */,
			);
		};
/* End PBXProject section */

/* Begin PBXResourcesBuildPhase section */
		FFD4E59F24E4BA4500A194F4 /* Resources */ = {
			isa = PBXResourcesBuildPhase;
			buildActionMask = 2147483647;
			files = (
				FFD4E5B424E4BA4600A194F4 /* LaunchScreen.storyboard in Resources */,
				FFD4E5B124E4BA4600A194F4 /* Assets.xcassets in Resources */,
				FFD4E5AC24E4BA4500A194F4 /* Main.storyboard in Resources */,
			);
			runOnlyForDeploymentPostprocessing = 0;
		};
		FFD4E5B824E4BA4600A194F4 /* Resources */ = {
			isa = PBXResourcesBuildPhase;
			buildActionMask = 2147483647;
			files = (
			);
			runOnlyForDeploymentPostprocessing = 0;
		};
/* End PBXResourcesBuildPhase section */

/* Begin PBXSourcesBuildPhase section */
		FFD4E59D24E4BA4500A194F4 /* Sources */ = {
			isa = PBXSourcesBuildPhase;
			buildActionMask = 2147483647;
			files = (
				FFD4E5CA24E4C13D00A194F4 /* HerosListViewController.swift in Sources */,
				FFD4E5DC24E4FD3C00A194F4 /* PowerStatsModel.swift in Sources */,
				FFD4E5AF24E4BA4500A194F4 /* SuperHeroAppiOS.xcdatamodeld in Sources */,
				FFD4E5A524E4BA4500A194F4 /* AppDelegate.swift in Sources */,
				FFD4E5A724E4BA4500A194F4 /* SceneDelegate.swift in Sources */,
				FFD4E5CD24E4C46D00A194F4 /* HerosCollectionViewCell.swift in Sources */,
				FFD4E5D024E4DEEB00A194F4 /* HerosTableViewCell.swift in Sources */,
				FFD4E5DA24E4F61900A194F4 /* HeroDetailViewController.swift in Sources */,
				FFD4E5D624E4E70500A194F4 /* NetworkManager.swift in Sources */,
				FFD4E5D824E4E75900A194F4 /* HeroJSONModel.swift in Sources */,
			);
			runOnlyForDeploymentPostprocessing = 0;
		};
		FFD4E5B624E4BA4600A194F4 /* Sources */ = {
			isa = PBXSourcesBuildPhase;
			buildActionMask = 2147483647;
			files = (
				FFD4E5BF24E4BA4600A194F4 /* SuperHeroAppiOSTests.swift in Sources */,
			);
			runOnlyForDeploymentPostprocessing = 0;
		};
/* End PBXSourcesBuildPhase section */

/* Begin PBXTargetDependency section */
		FFD4E5BC24E4BA4600A194F4 /* PBXTargetDependency */ = {
			isa = PBXTargetDependency;
			target = FFD4E5A024E4BA4500A194F4 /* SuperHeroAppiOS */;
			targetProxy = FFD4E5BB24E4BA4600A194F4 /* PBXContainerItemProxy */;
		};
/* End PBXTargetDependency section */

/* Begin PBXVariantGroup section */
		FFD4E5AA24E4BA4500A194F4 /* Main.storyboard */ = {
			isa = PBXVariantGroup;
			children = (
				FFD4E5AB24E4BA4500A194F4 /* Base */,
			);
			name = Main.storyboard;
			sourceTree = "<group>";
		};
		FFD4E5B224E4BA4600A194F4 /* LaunchScreen.storyboard */ = {
			isa = PBXVariantGroup;
			children = (
				FFD4E5B324E4BA4600A194F4 /* Base */,
			);
			name = LaunchScreen.storyboard;
			sourceTree = "<group>";
		};
/* End PBXVariantGroup section */

/* Begin XCBuildConfiguration section */
		FFD4E5C124E4BA4600A194F4 /* Debug */ = {
			isa = XCBuildConfiguration;
			buildSettings = {
				ALWAYS_SEARCH_USER_PATHS = NO;
				CLANG_ANALYZER_NONNULL = YES;
				CLANG_ANALYZER_NUMBER_OBJECT_CONVERSION = YES_AGGRESSIVE;
				CLANG_CXX_LANGUAGE_STANDARD = "gnu++14";
				CLANG_CXX_LIBRARY = "libc++";
				CLANG_ENABLE_MODULES = YES;
				CLANG_ENABLE_OBJC_ARC = YES;
				CLANG_ENABLE_OBJC_WEAK = YES;
				CLANG_WARN_BLOCK_CAPTURE_AUTORELEASING = YES;
				CLANG_WARN_BOOL_CONVERSION = YES;
				CLANG_WARN_COMMA = YES;
				CLANG_WARN_CONSTANT_CONVERSION = YES;
				CLANG_WARN_DEPRECATED_OBJC_IMPLEMENTATIONS = YES;
				CLANG_WARN_DIRECT_OBJC_ISA_USAGE = YES_ERROR;
				CLANG_WARN_DOCUMENTATION_COMMENTS = YES;
				CLANG_WARN_EMPTY_BODY = YES;
				CLANG_WARN_ENUM_CONVERSION = YES;
				CLANG_WARN_INFINITE_RECURSION = YES;
				CLANG_WARN_INT_CONVERSION = YES;
				CLANG_WARN_NON_LITERAL_NULL_CONVERSION = YES;
				CLANG_WARN_OBJC_IMPLICIT_RETAIN_SELF = YES;
				CLANG_WARN_OBJC_LITERAL_CONVERSION = YES;
				CLANG_WARN_OBJC_ROOT_CLASS = YES_ERROR;
				CLANG_WARN_RANGE_LOOP_ANALYSIS = YES;
				CLANG_WARN_STRICT_PROTOTYPES = YES;
				CLANG_WARN_SUSPICIOUS_MOVE = YES;
				CLANG_WARN_UNGUARDED_AVAILABILITY = YES_AGGRESSIVE;
				CLANG_WARN_UNREACHABLE_CODE = YES;
				CLANG_WARN__DUPLICATE_METHOD_MATCH = YES;
				COPY_PHASE_STRIP = NO;
				DEBUG_INFORMATION_FORMAT = dwarf;
				ENABLE_STRICT_OBJC_MSGSEND = YES;
				ENABLE_TESTABILITY = YES;
				GCC_C_LANGUAGE_STANDARD = gnu11;
				GCC_DYNAMIC_NO_PIC = NO;
				GCC_NO_COMMON_BLOCKS = YES;
				GCC_OPTIMIZATION_LEVEL = 0;
				GCC_PREPROCESSOR_DEFINITIONS = (
					"DEBUG=1",
					"$(inherited)",
				);
				GCC_WARN_64_TO_32_BIT_CONVERSION = YES;
				GCC_WARN_ABOUT_RETURN_TYPE = YES_ERROR;
				GCC_WARN_UNDECLARED_SELECTOR = YES;
				GCC_WARN_UNINITIALIZED_AUTOS = YES_AGGRESSIVE;
				GCC_WARN_UNUSED_FUNCTION = YES;
				GCC_WARN_UNUSED_VARIABLE = YES;
				IPHONEOS_DEPLOYMENT_TARGET = 13.0;
				MTL_ENABLE_DEBUG_INFO = INCLUDE_SOURCE;
				MTL_FAST_MATH = YES;
				ONLY_ACTIVE_ARCH = YES;
				SDKROOT = iphoneos;
				SWIFT_ACTIVE_COMPILATION_CONDITIONS = DEBUG;
				SWIFT_OPTIMIZATION_LEVEL = "-Onone";
			};
			name = Debug;
		};
		FFD4E5C224E4BA4600A194F4 /* Release */ = {
			isa = XCBuildConfiguration;
			buildSettings = {
				ALWAYS_SEARCH_USER_PATHS = NO;
				CLANG_ANALYZER_NONNULL = YES;
				CLANG_ANALYZER_NUMBER_OBJECT_CONVERSION = YES_AGGRESSIVE;
				CLANG_CXX_LANGUAGE_STANDARD = "gnu++14";
				CLANG_CXX_LIBRARY = "libc++";
				CLANG_ENABLE_MODULES = YES;
				CLANG_ENABLE_OBJC_ARC = YES;
				CLANG_ENABLE_OBJC_WEAK = YES;
				CLANG_WARN_BLOCK_CAPTURE_AUTORELEASING = YES;
				CLANG_WARN_BOOL_CONVERSION = YES;
				CLANG_WARN_COMMA = YES;
				CLANG_WARN_CONSTANT_CONVERSION = YES;
				CLANG_WARN_DEPRECATED_OBJC_IMPLEMENTATIONS = YES;
				CLANG_WARN_DIRECT_OBJC_ISA_USAGE = YES_ERROR;
				CLANG_WARN_DOCUMENTATION_COMMENTS = YES;
				CLANG_WARN_EMPTY_BODY = YES;
				CLANG_WARN_ENUM_CONVERSION = YES;
				CLANG_WARN_INFINITE_RECURSION = YES;
				CLANG_WARN_INT_CONVERSION = YES;
				CLANG_WARN_NON_LITERAL_NULL_CONVERSION = YES;
				CLANG_WARN_OBJC_IMPLICIT_RETAIN_SELF = YES;
				CLANG_WARN_OBJC_LITERAL_CONVERSION = YES;
				CLANG_WARN_OBJC_ROOT_CLASS = YES_ERROR;
				CLANG_WARN_RANGE_LOOP_ANALYSIS = YES;
				CLANG_WARN_STRICT_PROTOTYPES = YES;
				CLANG_WARN_SUSPICIOUS_MOVE = YES;
				CLANG_WARN_UNGUARDED_AVAILABILITY = YES_AGGRESSIVE;
				CLANG_WARN_UNREACHABLE_CODE = YES;
				CLANG_WARN__DUPLICATE_METHOD_MATCH = YES;
				COPY_PHASE_STRIP = NO;
				DEBUG_INFORMATION_FORMAT = "dwarf-with-dsym";
				ENABLE_NS_ASSERTIONS = NO;
				ENABLE_STRICT_OBJC_MSGSEND = YES;
				GCC_C_LANGUAGE_STANDARD = gnu11;
				GCC_NO_COMMON_BLOCKS = YES;
				GCC_WARN_64_TO_32_BIT_CONVERSION = YES;
				GCC_WARN_ABOUT_RETURN_TYPE = YES_ERROR;
				GCC_WARN_UNDECLARED_SELECTOR = YES;
				GCC_WARN_UNINITIALIZED_AUTOS = YES_AGGRESSIVE;
				GCC_WARN_UNUSED_FUNCTION = YES;
				GCC_WARN_UNUSED_VARIABLE = YES;
				IPHONEOS_DEPLOYMENT_TARGET = 13.0;
				MTL_ENABLE_DEBUG_INFO = NO;
				MTL_FAST_MATH = YES;
				SDKROOT = iphoneos;
				SWIFT_COMPILATION_MODE = wholemodule;
				SWIFT_OPTIMIZATION_LEVEL = "-O";
				VALIDATE_PRODUCT = YES;
			};
			name = Release;
		};
		FFD4E5C424E4BA4600A194F4 /* Debug */ = {
			isa = XCBuildConfiguration;
			buildSettings = {
				ASSETCATALOG_COMPILER_APPICON_NAME = AppIcon;
				CODE_SIGN_STYLE = Automatic;
				DEVELOPMENT_TEAM = 45KKDT9N6Q;
				INFOPLIST_FILE = SuperHeroAppiOS/Info.plist;
				LD_RUNPATH_SEARCH_PATHS = (
					"$(inherited)",
					"@executable_path/Frameworks",
				);
				PRODUCT_BUNDLE_IDENTIFIER = com.pablofigueroa.SuperHeroAppiOS;
				PRODUCT_NAME = "$(TARGET_NAME)";
				SWIFT_VERSION = 5.0;
				TARGETED_DEVICE_FAMILY = "1,2";
			};
			name = Debug;
		};
		FFD4E5C524E4BA4600A194F4 /* Release */ = {
			isa = XCBuildConfiguration;
			buildSettings = {
				ASSETCATALOG_COMPILER_APPICON_NAME = AppIcon;
				CODE_SIGN_STYLE = Automatic;
				DEVELOPMENT_TEAM = 45KKDT9N6Q;
				INFOPLIST_FILE = SuperHeroAppiOS/Info.plist;
				LD_RUNPATH_SEARCH_PATHS = (
					"$(inherited)",
					"@executable_path/Frameworks",
				);
				PRODUCT_BUNDLE_IDENTIFIER = com.pablofigueroa.SuperHeroAppiOS;
				PRODUCT_NAME = "$(TARGET_NAME)";
				SWIFT_VERSION = 5.0;
				TARGETED_DEVICE_FAMILY = "1,2";
			};
			name = Release;
		};
		FFD4E5C724E4BA4600A194F4 /* Debug */ = {
			isa = XCBuildConfiguration;
			buildSettings = {
				ALWAYS_EMBED_SWIFT_STANDARD_LIBRARIES = YES;
				BUNDLE_LOADER = "$(TEST_HOST)";
				CODE_SIGN_STYLE = Automatic;
				DEVELOPMENT_TEAM = 45KKDT9N6Q;
				INFOPLIST_FILE = SuperHeroAppiOSTests/Info.plist;
				IPHONEOS_DEPLOYMENT_TARGET = 13.0;
				LD_RUNPATH_SEARCH_PATHS = (
					"$(inherited)",
					"@executable_path/Frameworks",
					"@loader_path/Frameworks",
				);
				PRODUCT_BUNDLE_IDENTIFIER = com.pablofigueroa.SuperHeroAppiOSTests;
				PRODUCT_NAME = "$(TARGET_NAME)";
				SWIFT_VERSION = 5.0;
				TARGETED_DEVICE_FAMILY = "1,2";
				TEST_HOST = "$(BUILT_PRODUCTS_DIR)/SuperHeroAppiOS.app/SuperHeroAppiOS";
			};
			name = Debug;
		};
		FFD4E5C824E4BA4600A194F4 /* Release */ = {
			isa = XCBuildConfiguration;
			buildSettings = {
				ALWAYS_EMBED_SWIFT_STANDARD_LIBRARIES = YES;
				BUNDLE_LOADER = "$(TEST_HOST)";
				CODE_SIGN_STYLE = Automatic;
				DEVELOPMENT_TEAM = 45KKDT9N6Q;
				INFOPLIST_FILE = SuperHeroAppiOSTests/Info.plist;
				IPHONEOS_DEPLOYMENT_TARGET = 13.0;
				LD_RUNPATH_SEARCH_PATHS = (
					"$(inherited)",
					"@executable_path/Frameworks",
					"@loader_path/Frameworks",
				);
				PRODUCT_BUNDLE_IDENTIFIER = com.pablofigueroa.SuperHeroAppiOSTests;
				PRODUCT_NAME = "$(TARGET_NAME)";
				SWIFT_VERSION = 5.0;
				TARGETED_DEVICE_FAMILY = "1,2";
				TEST_HOST = "$(BUILT_PRODUCTS_DIR)/SuperHeroAppiOS.app/SuperHeroAppiOS";
			};
			name = Release;
		};
/* End XCBuildConfiguration section */

/* Begin XCConfigurationList section */
		FFD4E59C24E4BA4500A194F4 /* Build configuration list for PBXProject "SuperHeroAppiOS" */ = {
			isa = XCConfigurationList;
			buildConfigurations = (
				FFD4E5C124E4BA4600A194F4 /* Debug */,
				FFD4E5C224E4BA4600A194F4 /* Release */,
			);
			defaultConfigurationIsVisible = 0;
			defaultConfigurationName = Release;
		};
		FFD4E5C324E4BA4600A194F4 /* Build configuration list for PBXNativeTarget "SuperHeroAppiOS" */ = {
			isa = XCConfigurationList;
			buildConfigurations = (
				FFD4E5C424E4BA4600A194F4 /* Debug */,
				FFD4E5C524E4BA4600A194F4 /* Release */,
			);
			defaultConfigurationIsVisible = 0;
			defaultConfigurationName = Release;
		};
		FFD4E5C624E4BA4600A194F4 /* Build configuration list for PBXNativeTarget "SuperHeroAppiOSTests" */ = {
			isa = XCConfigurationList;
			buildConfigurations = (
				FFD4E5C724E4BA4600A194F4 /* Debug */,
				FFD4E5C824E4BA4600A194F4 /* Release */,
			);
			defaultConfigurationIsVisible = 0;
			defaultConfigurationName = Release;
		};
/* End XCConfigurationList section */

/* Begin XCVersionGroup section */
		FFD4E5AD24E4BA4500A194F4 /* SuperHeroAppiOS.xcdatamodeld */ = {
			isa = XCVersionGroup;
			children = (
				FFD4E5AE24E4BA4500A194F4 /* SuperHeroAppiOS.xcdatamodel */,
			);
			currentVersion = FFD4E5AE24E4BA4500A194F4 /* SuperHeroAppiOS.xcdatamodel */;
			path = SuperHeroAppiOS.xcdatamodeld;
			sourceTree = "<group>";
			versionGroupType = wrapper.xcdatamodel;
		};
/* End XCVersionGroup section */
	};
	rootObject = FFD4E59924E4BA4500A194F4 /* Project object */;
}
